{
    "_meta": {
        "hash": {
            "sha256": "7b7f30d7785995047b662198f89796d6e0913c74eafb4bcf5c651f3bf488bdb0"
        },
        "pipfile-spec": 6,
        "requires": {
            "python_version": "3.6"
        },
        "sources": [
            {
                "name": "pypi",
                "url": "https://pypi.python.org/simple",
                "verify_ssl": true
            }
        ]
    },
    "default": {
        "beautifulsoup4": {
            "hashes": [
                "sha256:4c98143716ef1cb40bf7f39a8e3eec8f8b009509e74904ba3a7b315431577e35",
                "sha256:84729e322ad1d5b4d25f805bfa05b902dd96450f43842c4e99067d5e1369eb25",
                "sha256:fff47e031e34ec82bf17e00da8f592fe7de69aeea38be00523c04623c04fb666"
            ],
            "version": "==4.9.3"
        },
        "bs4": {
            "hashes": [
                "sha256:36ecea1fd7cc5c0c6e4a1ff075df26d50da647b75376626cc186e2212886dd3a"
            ],
            "index": "pypi",
            "version": "==0.0.1"
        },
        "certifi": {
            "hashes": [
                "sha256:1a4995114262bffbc2413b159f2a1a480c969de6e6eb13ee966d470af86af59c",
                "sha256:719a74fb9e33b9bd44cc7f3a8d94bc35e4049deebe19ba7d8e108280cfd59830"
            ],
            "version": "==2020.12.5"
        },
        "chardet": {
            "hashes": [
                "sha256:0d6f53a15db4120f2b08c94f11e7d93d2c911ee118b6b30a04ec3ee8310179fa",
                "sha256:f864054d66fd9118f2e67044ac8981a54775ec5b67aed0441892edb553d21da5"
            ],
            "version": "==4.0.0"
        },
        "docutils": {
            "hashes": [
                "sha256:02aec4bd92ab067f6ff27a38a38a41173bf01bed8f89157768c1573f53e474a6",
                "sha256:51e64ef2ebfb29cae1faa133b3710143496eca21c530f3f71424d77687764274",
                "sha256:7a4bd47eaf6596e1295ecb11361139febe29b084a87bf005bf899f9a42edc3c6"
            ],
            "index": "pypi",
            "version": "==0.14"
        },
        "idna": {
            "hashes": [
                "sha256:b307872f855b18632ce0c21c5e45be78c0ea7ae4c15c828c20788b26921eb3f6",
                "sha256:b97d804b1e9b523befed77c48dacec60e6dcb0b5391d57af6a65a312a90648c0"
            ],
            "version": "==2.10"
        },
        "kivy": {
            "hashes": [
                "sha256:11e60c5d2b3ec206b4c6345b821cd2bcbef76c004335fe55cdf3785c1a20e792",
                "sha256:28c180fd5e4538858f0d2b3dde53c123d3a898d3ac7fba512bf3b83d0dfc248d",
                "sha256:5385b4668e045ca25392db5ec29e356bfb76938485c0f19a602e9a0e548164ae",
                "sha256:92e22cc5e865aa2dba663e5bc3928a49d137030722295c0ee6648d1807fb6a73",
                "sha256:9cee64cc95bbd619941f8c95816d76798797b5d2d2fb16fdf3dab63827e5c65c",
                "sha256:b1b072bc8ed7158b280b786548ea050235d4ddd5989eb1503372f2043cd883c5",
                "sha256:b924f8b37bb7dbdd4ea2dcc84ca04900b75da69f89a0cbe8af1d21e75553be41",
                "sha256:cdc2401d88f1d8a689cdb4f72f77327665a9e4921252df6642418be05c94b20e",
                "sha256:f87b49b72beed3942723e3dc8d46844a1b600bfdb0c160c35f8a699fa57e6c53"
            ],
            "index": "pypi",
            "version": "==1.10.0"
        },
        "kivy-garden": {
            "hashes": [
                "sha256:c256f42788421273a08fbb0a228f0fb0e80dd86b629fb8c0920507f645be6c72"
            ],
            "version": "==0.1.4"
        },
        "kivy.deps.glew": {
            "hashes": [
                "sha256:28aa195875a767314b12091842bdcf832401077f9e65dd9975059ddb978f2f75",
                "sha256:3e6f3376ea65b3ced19f07c63f831aa8d3028fac6970d01b400b031fbb8bbe4d",
                "sha256:4166c62999ed8a68036540bf154e25cc92ec1563fe78111926238f59b44a9af3",
                "sha256:5a63e3dd0affef2613410fe5b9b8572f1932ae2285db60071446d62f37961825",
                "sha256:6c941f321fa8fd34083054f74b9a810bc2a1f3e2560e4fa3df31995c9971f94a",
                "sha256:a57fece21c313c90c0f51a0c2b3e172a2f807bee867e0e5fad1cc014213a3543",
                "sha256:a79cc62489b1fc8dbe62aab7482865c670e1e781ec9b3f0d93f5bc87423af435",
                "sha256:f836e249970b2e1fc0a0d1bd3716892165ee5180214c071c0f804a934c363396"
            ],
            "index": "pypi",
            "version": "==0.3.0"
        },
        "kivy.deps.sdl2": {
            "hashes": [
                "sha256:0eb620812b60c7cba067b2c4770a2a8a633b18064dc7b777fe887b881e1990c4",
                "sha256:1004b694ca048d3d4d8100e8e521b54a80bb6ac39c534d6918896731fb631a9a",
                "sha256:14edd9043a1145afedba5eb6225cd7e8a1f5724f2ead05b10db7e1e1686ae353",
                "sha256:55946dc99c02a02fca1843407c5a67e3e20ca4d67ec2378da8f71897bf48f05c",
                "sha256:593b5564c332fa92553a6e0599e39c3d95ea6ec923f9e070f0e0aa5ce8068bf9",
                "sha256:9817003d1643b84ba7e26dd8313c6715cb439293e35f3496af014f1a3a242bb5",
                "sha256:af4e450037bc8b8edb6a902861f49244ce687e679fa5aa681433d26b47ab216a",
                "sha256:f3cd7cdc5634186fd45a66c34aec3dc1be28811b52c250b3094778bf67f1b019"
            ],
            "index": "pypi",
            "version": "==0.4.2"
        },
        "kivymd": {
            "hashes": [
                "sha256:d4fd1c6a80ce432bf47996650608fb935fac500bbcf5a78ce27f137ea0bb879b"
            ],
            "index": "pypi",
            "version": "==0.1.2"
        },
        "lxml": {
            "hashes": [
                "sha256:0aa44ffdeaaf6ba45d61980bb2c07e87d4dcac7a8b5b9d458124bc1adcda5233",
                "sha256:0af9c9267b1257319d49e9c1e9abbf92a99f965bee3c4733e0f0f7578985182d",
                "sha256:0cddc6cde79e1932efc71d9974a4418184ad0b8ca46c633ad772b2c5eaf36b3c",
                "sha256:124a9d529eec5e10f307eb237df3efc43dd1fb7ebdb5da5e480c4ed372648b6b",
                "sha256:1d1e45584353e4d563685874707fc8c85cdd11b0ef3b79d77bb38046134d68a9",
                "sha256:2812bc45a7f53f366217b76a1c53e6728fbfa7f7524d16a321ea8f7131428bd1",
                "sha256:29697224b2df76edf7c2de9bcd90a26dd28fe85c5fd7f0171cae84f8383b227e",
                "sha256:36ffb216e2f361a5a0a7e219aea6cd44da11c64061baed273944aae21223186c",
                "sha256:4626d699551f66687e5f7e7f9b79bfce611e12edebfb9fec276e2df8ec46541e",
                "sha256:4c21d7304d37715e6aed756e4d0c374c99c9bb1fa8d64f546b95474b17ac23de",
                "sha256:57be98177ce784495dff53f40620995ad0a56456246ed9d51977e595de58e12e",
                "sha256:62bfcd0629991e1c1257ffd28df2ab31a5c44da4c06823c26ec0f472723a84ca",
                "sha256:71ac6dac6835de75aaf531cae9ffa447dae0783ba1f43bf6eaccfad3680a5b9c",
                "sha256:7769ac9203ebe6d8db16904c54d57d77360fcc1926ed7afaa86b04050e4afa5b",
                "sha256:7d96fbb5f23a62300aa9bef7d286cd61aca8902357619c8708c0290aba5df73f",
                "sha256:88583c6565c9299f617238a500f1a47510bac54daff7872d6a343f13361b659e",
                "sha256:8f52c4c8f1cf15419193026e731f34a3260a3ce7977b875ba1eb2517b8a3f660",
                "sha256:95b82fdfdaac71640b281da6b9a2c3700177ba5190a786881b184de744ad55de",
                "sha256:988d55112f196e12341b7c5138841c2b4f21f871eaa8f138c6ac4c46f28899f9",
                "sha256:9e08918b744b89d30750eca8598f37ae75b16202870db678fde970d85afed3e3",
                "sha256:b46f31e806f6884bd1053ad1d78ecaca6d1bc5dd94a1b783a6ff0bb4b3a60962",
                "sha256:c18f316cad969111b1ff9e84c82fbc9ae6f25f35701118182d384585940cdf80",
                "sha256:cef79715f2335bfc1ef7082bcb8b2bac87271431653455221a9127fde146208c",
                "sha256:cf63f590090404c52f179b7ceacb7cd549de3a1697bcfe2f79be180b2801d109",
                "sha256:d06260e6102b2f18dbee3736185cd6a2e1c88c0fad782bf8e9d7a7a1b24e02b0",
                "sha256:d0dc3e5737adcc9a23fd3d3d3072b887fefb48143309563f412ef7b0ebdfdb30",
                "sha256:dd98d4f88ce0abda2b02c1542d1de22dd342023f3ba09874bd95841283f29433",
                "sha256:f04b184984c23e0caac3c55eac2fe2dbb88726a5a1b35e23715eff6f29a4705c"
            ],
            "index": "pypi",
            "version": "==4.2.0"
        },
        "memory-profiler": {
            "hashes": [
                "sha256:e38627e66ca787f56ad2898699e07cb7ae2049a7dc075d535367cd882c417b9a"
            ],
            "index": "pypi",
            "version": "==0.52.0"
        },
        "psutil": {
            "hashes": [
                "sha256:0066a82f7b1b37d334e68697faba68e5ad5e858279fd6351c8ca6024e8d6ba64",
                "sha256:02b8292609b1f7fcb34173b25e48d0da8667bc85f81d7476584d889c6e0f2131",
                "sha256:0ae6f386d8d297177fd288be6e8d1afc05966878704dad9847719650e44fc49c",
                "sha256:0c9ccb99ab76025f2f0bbecf341d4656e9c1351db8cc8a03ccd62e318ab4b5c6",
                "sha256:0dd4465a039d343925cdc29023bb6960ccf4e74a65ad53e768403746a9207023",
                "sha256:12d844996d6c2b1d3881cfa6fa201fd635971869a9da945cf6756105af73d2df",
                "sha256:1bff0d07e76114ec24ee32e7f7f8d0c4b0514b3fae93e3d2aaafd65d22502394",
                "sha256:245b5509968ac0bd179287d91210cd3f37add77dad385ef238b275bad35fa1c4",
                "sha256:28ff7c95293ae74bf1ca1a79e8805fcde005c18a122ca983abf676ea3466362b",
                "sha256:36b3b6c9e2a34b7d7fbae330a85bf72c30b1c827a4366a07443fc4b6270449e2",
                "sha256:52de075468cd394ac98c66f9ca33b2f54ae1d9bff1ef6b67a212ee8f639ec06d",
                "sha256:5da29e394bdedd9144c7331192e20c1f79283fb03b06e6abd3a8ae45ffecee65",
                "sha256:61f05864b42fedc0771d6d8e49c35f07efd209ade09a5afe6a5059e7bb7bf83d",
                "sha256:6223d07a1ae93f86451d0198a0c361032c4c93ebd4bf6d25e2fb3edfad9571ef",
                "sha256:6323d5d845c2785efb20aded4726636546b26d3b577aded22492908f7c1bdda7",
                "sha256:6ffe81843131ee0ffa02c317186ed1e759a145267d54fdef1bc4ea5f5931ab60",
                "sha256:74f2d0be88db96ada78756cb3a3e1b107ce8ab79f65aa885f76d7664e56928f6",
                "sha256:74fb2557d1430fff18ff0d72613c5ca30c45cdbfcddd6a5773e9fc1fe9364be8",
                "sha256:90d4091c2d30ddd0a03e0b97e6a33a48628469b99585e2ad6bf21f17423b112b",
                "sha256:90f31c34d25b1b3ed6c40cdd34ff122b1887a825297c017e4cbd6796dd8b672d",
                "sha256:99de3e8739258b3c3e8669cb9757c9a861b2a25ad0955f8e53ac662d66de61ac",
                "sha256:c6a5fd10ce6b6344e616cf01cc5b849fa8103fbb5ba507b6b2dee4c11e84c935",
                "sha256:ce8b867423291cb65cfc6d9c4955ee9bfc1e21fe03bb50e177f2b957f1c2469d",
                "sha256:d225cd8319aa1d3c85bf195c4e07d17d3cd68636b8fc97e6cf198f782f99af28",
                "sha256:ea313bb02e5e25224e518e4352af4bf5e062755160f77e4b1767dd5ccb65f876",
                "sha256:ea372bcc129394485824ae3e3ddabe67dc0b118d262c568b4d2602a7070afdb0",
                "sha256:f4634b033faf0d968bb9220dd1c793b897ab7f1189956e1aa9eae752527127d3",
                "sha256:fcc01e900c1d7bee2a37e5d6e4f9194760a93597c97fee89c4ae51701de03563"
            ],
            "version": "==5.8.0"
        },
        "pygments": {
            "hashes": [
                "sha256:bc9591213a8f0e0ca1a5e68a479b4887fdc3e75d0774e5c71c31920c427de435",
                "sha256:df49d09b498e83c1a73128295860250b0b7edd4c723a32e9bc0d295c7c2ec337"
            ],
            "index": "pypi",
            "version": "==2.7.4"
        },
        "pypiwin32": {
            "hashes": [
                "sha256:67adf399debc1d5d14dffc1ab5acacb800da569754fafdc576b2a039485aa775",
                "sha256:71be40c1fbd28594214ecaecb58e7aa8b708eabfa0125c8a109ebd51edbd776a"
            ],
            "index": "pypi",
            "version": "==223"
        },
        "pywin32": {
            "hashes": [
                "sha256:1c204a81daed2089e55d11eefa4826c05e604d27fe2be40b6bf8db7b6a39da63",
                "sha256:27a30b887afbf05a9cbb05e3ffd43104a9b71ce292f64a635389dbad0ed1cd85",
                "sha256:350c5644775736351b77ba68da09a39c760d75d2467ecec37bd3c36a94fbed64",
                "sha256:60a8fa361091b2eea27f15718f8eb7f9297e8d51b54dbc4f55f3d238093d5190",
                "sha256:638b68eea5cfc8def537e43e9554747f8dee786b090e47ead94bfdafdb0f2f50",
                "sha256:8151e4d7a19262d6694162d6da85d99a16f8b908949797fd99c83a0bfaf5807d",
                "sha256:a3b4c48c852d4107e8a8ec980b76c94ce596ea66d60f7a697582ea9dce7e0db7",
                "sha256:b1609ce9bd5c411b81f941b246d683d6508992093203d4eb7f278f4ed1085c3f",
                "sha256:d7e8c7efc221f10d6400c19c32a031add1c4a58733298c09216f57b4fde110dc",
                "sha256:fbb3b1b0fbd0b4fc2a3d1d81fe0783e30062c1abed1d17c32b7879d55858cfae"
            ],
            "version": "==300"
        },
        "requests": {
            "hashes": [
                "sha256:27973dd4a904a4f13b263a19c866c13b92a39ed1c964655f025f3f8d3d75b804",
                "sha256:c210084e36a42ae6b9219e00e48287def368a26d03a048ddad7bfee44f75871e"
            ],
            "version": "==2.25.1"
        },
        "soupsieve": {
            "hashes": [
                "sha256:052774848f448cf19c7e959adf5566904d525f33a3f8b6ba6f6f8f26ec7de0cc",
                "sha256:c2c1c2d44f158cdbddab7824a9af8c4f83c76b1e23e049479aa432feb6c4c23b"
            ],
            "markers": "python_version >= '3.0'",
            "version": "==2.2.1"
        },
        "urllib3": {
            "hashes": [
                "sha256:2f4da4594db7e1e110a944bb1b551fdf4e6c136ad42e4234131391e21eb5b0df",
                "sha256:e7b021f7241115872f92f43c6508082facffbd1c048e3c6e2bb9c2a157e28937"
            ],
            "version": "==1.26.4"
        }
    },
    "develop": {}
}
